
Microsoft Visual Studio Solution File, Format Version 12.00
# Visual Studio Version 17
VisualStudioVersion = 17.14.35906.104 d17.14
MinimumVisualStudioVersion = 10.0.40219.1
Project("{FAE04EC0-301F-11D3-BF4B-00C04F79EFBC}") = "NguyenManhHung_2122110438", "NguyenManhHung_2122110438.csproj", "{0897411F-E49E-43C4-08F2-6B40E242DBEB}"
EndProject
Global
	GlobalSection(SolutionConfigurationPlatforms) = preSolution
		Debug|Any CPU = Debug|Any CPU
		Release|Any CPU = Release|Any CPU
	EndGlobalSection
	GlobalSection(ProjectConfigurationPlatforms) = postSolution
		{0897411F-E49E-43C4-08F2-6B40E242DBEB}.Debug|Any CPU.ActiveCfg = Debug|Any CPU
		{0897411F-E49E-43C4-08F2-6B40E242DBEB}.Debug|Any CPU.Build.0 = Debug|Any CPU
		{0897411F-E49E-43C4-08F2-6B40E242DBEB}.Release|Any CPU.ActiveCfg = Release|Any CPU
		{0897411F-E49E-43C4-08F2-6B40E242DBEB}.Release|Any CPU.Build.0 = Release|Any CPU
	EndGlobalSection
	GlobalSection(SolutionProperties) = preSolution
		HideSolutionNode = FALSE
	EndGlobalSection
	GlobalSection(ExtensibilityGlobals) = postSolution
		SolutionGuid = {54CCA7D6-DB5D-4901-8DAC-CB8196EC46D9}
	EndGlobalSection
EndGlobal
